
Microsoft Visual Studio Solution File, Format Version 12.00
# Visual Studio 15
VisualStudioVersion = 15.0.26124.0
MinimumVisualStudioVersion = 15.0.26124.0
Project("{2150E333-8FDC-42A3-9474-1A3956D46DE8}") = "02 - TDD", "02 - TDD", "{9F4329A7-033E-4F1B-9A25-D2D7FAE81E55}"
EndProject
Project("{FAE04EC0-301F-11D3-BF4B-00C04F79EFBC}") = "NerdStore.Core", "02 - TDD\NerdStore.Core\NerdStore.Core.csproj", "{BE197569-DA72-4FC9-910A-421BCA968708}"
EndProject
Project("{FAE04EC0-301F-11D3-BF4B-00C04F79EFBC}") = "NerdStore.Vendas.Application", "02 - TDD\NerdStore.Vendas.Application\NerdStore.Vendas.Application.csproj", "{A12A3CD6-741F-4FB6-979C-36BCB7594D52}"
EndProject
Project("{FAE04EC0-301F-11D3-BF4B-00C04F79EFBC}") = "NerdStore.Vendas.Data", "02 - TDD\NerdStore.Vendas.Data\NerdStore.Vendas.Data.csproj", "{1209BCE2-21A8-4465-AC90-824725F9FB16}"
EndProject
Project("{FAE04EC0-301F-11D3-BF4B-00C04F79EFBC}") = "NerdStore.Vendas.Domain", "02 - TDD\NerdStore.Vendas.Domain\NerdStore.Vendas.Domain.csproj", "{3E6EA87E-B5C3-4F69-AE64-2FA65F245BD7}"
EndProject
Project("{2150E333-8FDC-42A3-9474-1A3956D46DE8}") = "Tests", "Tests", "{11DBC281-2D20-4064-B824-C72A96859CC8}"
EndProject
Project("{FAE04EC0-301F-11D3-BF4B-00C04F79EFBC}") = "NerdStore.Vendas.Domain.Tests", "02 - TDD\Tests\NerdStore.Vendas.Domain.Tests\NerdStore.Vendas.Domain.Tests.csproj", "{CD6B586B-50AA-43BA-8874-C839364693A8}"
EndProject
Project("{FAE04EC0-301F-11D3-BF4B-00C04F79EFBC}") = "NerdStore.Vendas.Application.Tests", "02 - TDD\Tests\NerdStore.Vendas.Application.Tests\NerdStore.Vendas.Application.Tests.csproj", "{3E9C18F4-00A2-4A97-847D-1F532C361BBB}"
EndProject
Global
	GlobalSection(SolutionConfigurationPlatforms) = preSolution
		Debug|Any CPU = Debug|Any CPU
		Debug|x64 = Debug|x64
		Debug|x86 = Debug|x86
		Release|Any CPU = Release|Any CPU
		Release|x64 = Release|x64
		Release|x86 = Release|x86
	EndGlobalSection
	GlobalSection(SolutionProperties) = preSolution
		HideSolutionNode = FALSE
	EndGlobalSection
	GlobalSection(ProjectConfigurationPlatforms) = postSolution
		{BE197569-DA72-4FC9-910A-421BCA968708}.Debug|Any CPU.ActiveCfg = Debug|Any CPU
		{BE197569-DA72-4FC9-910A-421BCA968708}.Debug|Any CPU.Build.0 = Debug|Any CPU
		{BE197569-DA72-4FC9-910A-421BCA968708}.Debug|x64.ActiveCfg = Debug|Any CPU
		{BE197569-DA72-4FC9-910A-421BCA968708}.Debug|x64.Build.0 = Debug|Any CPU
		{BE197569-DA72-4FC9-910A-421BCA968708}.Debug|x86.ActiveCfg = Debug|Any CPU
		{BE197569-DA72-4FC9-910A-421BCA968708}.Debug|x86.Build.0 = Debug|Any CPU
		{BE197569-DA72-4FC9-910A-421BCA968708}.Release|Any CPU.ActiveCfg = Release|Any CPU
		{BE197569-DA72-4FC9-910A-421BCA968708}.Release|Any CPU.Build.0 = Release|Any CPU
		{BE197569-DA72-4FC9-910A-421BCA968708}.Release|x64.ActiveCfg = Release|Any CPU
		{BE197569-DA72-4FC9-910A-421BCA968708}.Release|x64.Build.0 = Release|Any CPU
		{BE197569-DA72-4FC9-910A-421BCA968708}.Release|x86.ActiveCfg = Release|Any CPU
		{BE197569-DA72-4FC9-910A-421BCA968708}.Release|x86.Build.0 = Release|Any CPU
		{A12A3CD6-741F-4FB6-979C-36BCB7594D52}.Debug|Any CPU.ActiveCfg = Debug|Any CPU
		{A12A3CD6-741F-4FB6-979C-36BCB7594D52}.Debug|Any CPU.Build.0 = Debug|Any CPU
		{A12A3CD6-741F-4FB6-979C-36BCB7594D52}.Debug|x64.ActiveCfg = Debug|Any CPU
		{A12A3CD6-741F-4FB6-979C-36BCB7594D52}.Debug|x64.Build.0 = Debug|Any CPU
		{A12A3CD6-741F-4FB6-979C-36BCB7594D52}.Debug|x86.ActiveCfg = Debug|Any CPU
		{A12A3CD6-741F-4FB6-979C-36BCB7594D52}.Debug|x86.Build.0 = Debug|Any CPU
		{A12A3CD6-741F-4FB6-979C-36BCB7594D52}.Release|Any CPU.ActiveCfg = Release|Any CPU
		{A12A3CD6-741F-4FB6-979C-36BCB7594D52}.Release|Any CPU.Build.0 = Release|Any CPU
		{A12A3CD6-741F-4FB6-979C-36BCB7594D52}.Release|x64.ActiveCfg = Release|Any CPU
		{A12A3CD6-741F-4FB6-979C-36BCB7594D52}.Release|x64.Build.0 = Release|Any CPU
		{A12A3CD6-741F-4FB6-979C-36BCB7594D52}.Release|x86.ActiveCfg = Release|Any CPU
		{A12A3CD6-741F-4FB6-979C-36BCB7594D52}.Release|x86.Build.0 = Release|Any CPU
		{1209BCE2-21A8-4465-AC90-824725F9FB16}.Debug|Any CPU.ActiveCfg = Debug|Any CPU
		{1209BCE2-21A8-4465-AC90-824725F9FB16}.Debug|Any CPU.Build.0 = Debug|Any CPU
		{1209BCE2-21A8-4465-AC90-824725F9FB16}.Debug|x64.ActiveCfg = Debug|Any CPU
		{1209BCE2-21A8-4465-AC90-824725F9FB16}.Debug|x64.Build.0 = Debug|Any CPU
		{1209BCE2-21A8-4465-AC90-824725F9FB16}.Debug|x86.ActiveCfg = Debug|Any CPU
		{1209BCE2-21A8-4465-AC90-824725F9FB16}.Debug|x86.Build.0 = Debug|Any CPU
		{1209BCE2-21A8-4465-AC90-824725F9FB16}.Release|Any CPU.ActiveCfg = Release|Any CPU
		{1209BCE2-21A8-4465-AC90-824725F9FB16}.Release|Any CPU.Build.0 = Release|Any CPU
		{1209BCE2-21A8-4465-AC90-824725F9FB16}.Release|x64.ActiveCfg = Release|Any CPU
		{1209BCE2-21A8-4465-AC90-824725F9FB16}.Release|x64.Build.0 = Release|Any CPU
		{1209BCE2-21A8-4465-AC90-824725F9FB16}.Release|x86.ActiveCfg = Release|Any CPU
		{1209BCE2-21A8-4465-AC90-824725F9FB16}.Release|x86.Build.0 = Release|Any CPU
		{3E6EA87E-B5C3-4F69-AE64-2FA65F245BD7}.Debug|Any CPU.ActiveCfg = Debug|Any CPU
		{3E6EA87E-B5C3-4F69-AE64-2FA65F245BD7}.Debug|Any CPU.Build.0 = Debug|Any CPU
		{3E6EA87E-B5C3-4F69-AE64-2FA65F245BD7}.Debug|x64.ActiveCfg = Debug|Any CPU
		{3E6EA87E-B5C3-4F69-AE64-2FA65F245BD7}.Debug|x64.Build.0 = Debug|Any CPU
		{3E6EA87E-B5C3-4F69-AE64-2FA65F245BD7}.Debug|x86.ActiveCfg = Debug|Any CPU
		{3E6EA87E-B5C3-4F69-AE64-2FA65F245BD7}.Debug|x86.Build.0 = Debug|Any CPU
		{3E6EA87E-B5C3-4F69-AE64-2FA65F245BD7}.Release|Any CPU.ActiveCfg = Release|Any CPU
		{3E6EA87E-B5C3-4F69-AE64-2FA65F245BD7}.Release|Any CPU.Build.0 = Release|Any CPU
		{3E6EA87E-B5C3-4F69-AE64-2FA65F245BD7}.Release|x64.ActiveCfg = Release|Any CPU
		{3E6EA87E-B5C3-4F69-AE64-2FA65F245BD7}.Release|x64.Build.0 = Release|Any CPU
		{3E6EA87E-B5C3-4F69-AE64-2FA65F245BD7}.Release|x86.ActiveCfg = Release|Any CPU
		{3E6EA87E-B5C3-4F69-AE64-2FA65F245BD7}.Release|x86.Build.0 = Release|Any CPU
		{CD6B586B-50AA-43BA-8874-C839364693A8}.Debug|Any CPU.ActiveCfg = Debug|Any CPU
		{CD6B586B-50AA-43BA-8874-C839364693A8}.Debug|Any CPU.Build.0 = Debug|Any CPU
		{CD6B586B-50AA-43BA-8874-C839364693A8}.Debug|x64.ActiveCfg = Debug|Any CPU
		{CD6B586B-50AA-43BA-8874-C839364693A8}.Debug|x64.Build.0 = Debug|Any CPU
		{CD6B586B-50AA-43BA-8874-C839364693A8}.Debug|x86.ActiveCfg = Debug|Any CPU
		{CD6B586B-50AA-43BA-8874-C839364693A8}.Debug|x86.Build.0 = Debug|Any CPU
		{CD6B586B-50AA-43BA-8874-C839364693A8}.Release|Any CPU.ActiveCfg = Release|Any CPU
		{CD6B586B-50AA-43BA-8874-C839364693A8}.Release|Any CPU.Build.0 = Release|Any CPU
		{CD6B586B-50AA-43BA-8874-C839364693A8}.Release|x64.ActiveCfg = Release|Any CPU
		{CD6B586B-50AA-43BA-8874-C839364693A8}.Release|x64.Build.0 = Release|Any CPU
		{CD6B586B-50AA-43BA-8874-C839364693A8}.Release|x86.ActiveCfg = Release|Any CPU
		{CD6B586B-50AA-43BA-8874-C839364693A8}.Release|x86.Build.0 = Release|Any CPU
		{3E9C18F4-00A2-4A97-847D-1F532C361BBB}.Debug|Any CPU.ActiveCfg = Debug|Any CPU
		{3E9C18F4-00A2-4A97-847D-1F532C361BBB}.Debug|Any CPU.Build.0 = Debug|Any CPU
		{3E9C18F4-00A2-4A97-847D-1F532C361BBB}.Debug|x64.ActiveCfg = Debug|Any CPU
		{3E9C18F4-00A2-4A97-847D-1F532C361BBB}.Debug|x64.Build.0 = Debug|Any CPU
		{3E9C18F4-00A2-4A97-847D-1F532C361BBB}.Debug|x86.ActiveCfg = Debug|Any CPU
		{3E9C18F4-00A2-4A97-847D-1F532C361BBB}.Debug|x86.Build.0 = Debug|Any CPU
		{3E9C18F4-00A2-4A97-847D-1F532C361BBB}.Release|Any CPU.ActiveCfg = Release|Any CPU
		{3E9C18F4-00A2-4A97-847D-1F532C361BBB}.Release|Any CPU.Build.0 = Release|Any CPU
		{3E9C18F4-00A2-4A97-847D-1F532C361BBB}.Release|x64.ActiveCfg = Release|Any CPU
		{3E9C18F4-00A2-4A97-847D-1F532C361BBB}.Release|x64.Build.0 = Release|Any CPU
		{3E9C18F4-00A2-4A97-847D-1F532C361BBB}.Release|x86.ActiveCfg = Release|Any CPU
		{3E9C18F4-00A2-4A97-847D-1F532C361BBB}.Release|x86.Build.0 = Release|Any CPU
	EndGlobalSection
	GlobalSection(NestedProjects) = preSolution
		{BE197569-DA72-4FC9-910A-421BCA968708} = {9F4329A7-033E-4F1B-9A25-D2D7FAE81E55}
		{A12A3CD6-741F-4FB6-979C-36BCB7594D52} = {9F4329A7-033E-4F1B-9A25-D2D7FAE81E55}
		{1209BCE2-21A8-4465-AC90-824725F9FB16} = {9F4329A7-033E-4F1B-9A25-D2D7FAE81E55}
		{3E6EA87E-B5C3-4F69-AE64-2FA65F245BD7} = {9F4329A7-033E-4F1B-9A25-D2D7FAE81E55}
		{11DBC281-2D20-4064-B824-C72A96859CC8} = {9F4329A7-033E-4F1B-9A25-D2D7FAE81E55}
		{CD6B586B-50AA-43BA-8874-C839364693A8} = {11DBC281-2D20-4064-B824-C72A96859CC8}
		{3E9C18F4-00A2-4A97-847D-1F532C361BBB} = {11DBC281-2D20-4064-B824-C72A96859CC8}
	EndGlobalSection
EndGlobal
